
Microsoft Visual Studio Solution File, Format Version 12.00
# Visual Studio Version 17
VisualStudioVersion = 17.5.33424.131
MinimumVisualStudioVersion = 10.0.40219.1
Project("{9A19103F-16F7-4668-BE54-9A1E7A4F7556}") = "ApiGateway", "ApiGateway\ApiGateway.csproj", "{C7B117D0-5C6B-4961-96CE-0CA4AA03BF36}"
	ProjectSection(ProjectDependencies) = postProject
		{1FC7ABA2-DF4F-4A37-B670-C868EFA2B3F7} = {1FC7ABA2-DF4F-4A37-B670-C868EFA2B3F7}
		{52A0674F-7EA8-4E21-8B08-ACB017D83B5C} = {52A0674F-7EA8-4E21-8B08-ACB017D83B5C}
		{5F85C364-8C4A-4632-A6C1-136C540FA239} = {5F85C364-8C4A-4632-A6C1-136C540FA239}
		{6D286492-9150-4EC4-8278-1FB072CC7F7F} = {6D286492-9150-4EC4-8278-1FB072CC7F7F}
		{836D9876-8793-4576-BF8A-261952A5F6AA} = {836D9876-8793-4576-BF8A-261952A5F6AA}
		{B0B2023E-4D33-4849-9749-8C7E98AEF37A} = {B0B2023E-4D33-4849-9749-8C7E98AEF37A}
		{B38C8487-382A-4B02-8E59-9B923822F5D2} = {B38C8487-382A-4B02-8E59-9B923822F5D2}
		{BAD72015-BDA5-4D4B-9CEC-4BB9AFC85400} = {BAD72015-BDA5-4D4B-9CEC-4BB9AFC85400}
		{C3C399F4-A698-4394-AD2D-B345CCDA0FBD} = {C3C399F4-A698-4394-AD2D-B345CCDA0FBD}
		{DFC59F0F-9176-456C-90D6-6A6E19CF1853} = {DFC59F0F-9176-456C-90D6-6A6E19CF1853}
	EndProjectSection
EndProject
Project("{9A19103F-16F7-4668-BE54-9A1E7A4F7556}") = "System-Authentication", "MicroServices\System-Authentication\System-Authentication.csproj", "{836D9876-8793-4576-BF8A-261952A5F6AA}"
EndProject
Project("{2150E333-8FDC-42A3-9474-1A3956D46DE8}") = "MicroServices", "MicroServices", "{837BAC99-2A83-4020-BCC1-2303AFD61C7B}"
EndProject
Project("{9A19103F-16F7-4668-BE54-9A1E7A4F7556}") = "JwtAuthenticationManger", "SharedLibs\JwtAuthenticationManger\JwtAuthenticationManger.csproj", "{7FA8842A-551B-44EC-9779-E7D4A806518A}"
EndProject
Project("{2150E333-8FDC-42A3-9474-1A3956D46DE8}") = "SharedLibs", "SharedLibs", "{E4D39D3D-DB25-42D9-BEE8-310EA02CED96}"
EndProject
Project("{9A19103F-16F7-4668-BE54-9A1E7A4F7556}") = "SharedModels", "SharedLibs\SharedModels\SharedModels.csproj", "{C3C399F4-A698-4394-AD2D-B345CCDA0FBD}"
EndProject
Project("{9A19103F-16F7-4668-BE54-9A1E7A4F7556}") = "Operation-OperationsManagement", "MicroServices\Operation-OperationsManagement\Operation-OperationsManagement.csproj", "{6D286492-9150-4EC4-8278-1FB072CC7F7F}"
EndProject
Project("{9A19103F-16F7-4668-BE54-9A1E7A4F7556}") = "Shared-GeneralSharedData", "MicroServices\Shared-GeneralSharedData\Shared-GeneralSharedData.csproj", "{1FC7ABA2-DF4F-4A37-B670-C868EFA2B3F7}"
EndProject
Project("{9A19103F-16F7-4668-BE54-9A1E7A4F7556}") = "System-FilesManagement", "MicroServices\System-FilesManagement\System-FilesManagement.csproj", "{B0B2023E-4D33-4849-9749-8C7E98AEF37A}"
EndProject
Project("{9A19103F-16F7-4668-BE54-9A1E7A4F7556}") = "Operation-FinanceManagement", "MicroServices\Operation-FinanceManagement\Operation-FinanceManagement.csproj", "{B38C8487-382A-4B02-8E59-9B923822F5D2}"
EndProject
Project("{9A19103F-16F7-4668-BE54-9A1E7A4F7556}") = "Client-ClientProfileManagement", "MicroServices\Client-ClientProfileManagement\Client-ClientProfileManagement.csproj", "{BAD72015-BDA5-4D4B-9CEC-4BB9AFC85400}"
EndProject
Project("{9A19103F-16F7-4668-BE54-9A1E7A4F7556}") = "Facility-FacilityProfileManagement", "MicroServices\Facility-ProfileManagement\Facility-FacilityProfileManagement.csproj", "{5F85C364-8C4A-4632-A6C1-136C540FA239}"
EndProject
Project("{9A19103F-16F7-4668-BE54-9A1E7A4F7556}") = "Staff-StaffProfileManagement", "MicroServices\Staff-ProfileManagement\Staff-StaffProfileManagement.csproj", "{52A0674F-7EA8-4E21-8B08-ACB017D83B5C}"
EndProject
Project("{9A19103F-16F7-4668-BE54-9A1E7A4F7556}") = "Client-ClientRelationMangement", "MicroServices\Client-ClientRelationMangement\Client-ClientRelationMangement.csproj", "{DFC59F0F-9176-456C-90D6-6A6E19CF1853}"
EndProject
Global
	GlobalSection(SolutionConfigurationPlatforms) = preSolution
		Debug|Any CPU = Debug|Any CPU
		Release|Any CPU = Release|Any CPU
	EndGlobalSection
	GlobalSection(ProjectConfigurationPlatforms) = postSolution
		{C7B117D0-5C6B-4961-96CE-0CA4AA03BF36}.Debug|Any CPU.ActiveCfg = Debug|Any CPU
		{C7B117D0-5C6B-4961-96CE-0CA4AA03BF36}.Debug|Any CPU.Build.0 = Debug|Any CPU
		{C7B117D0-5C6B-4961-96CE-0CA4AA03BF36}.Release|Any CPU.ActiveCfg = Release|Any CPU
		{C7B117D0-5C6B-4961-96CE-0CA4AA03BF36}.Release|Any CPU.Build.0 = Release|Any CPU
		{836D9876-8793-4576-BF8A-261952A5F6AA}.Debug|Any CPU.ActiveCfg = Debug|Any CPU
		{836D9876-8793-4576-BF8A-261952A5F6AA}.Debug|Any CPU.Build.0 = Debug|Any CPU
		{836D9876-8793-4576-BF8A-261952A5F6AA}.Release|Any CPU.ActiveCfg = Release|Any CPU
		{836D9876-8793-4576-BF8A-261952A5F6AA}.Release|Any CPU.Build.0 = Release|Any CPU
		{7FA8842A-551B-44EC-9779-E7D4A806518A}.Debug|Any CPU.ActiveCfg = Debug|Any CPU
		{7FA8842A-551B-44EC-9779-E7D4A806518A}.Debug|Any CPU.Build.0 = Debug|Any CPU
		{7FA8842A-551B-44EC-9779-E7D4A806518A}.Release|Any CPU.ActiveCfg = Release|Any CPU
		{7FA8842A-551B-44EC-9779-E7D4A806518A}.Release|Any CPU.Build.0 = Release|Any CPU
		{C3C399F4-A698-4394-AD2D-B345CCDA0FBD}.Debug|Any CPU.ActiveCfg = Debug|Any CPU
		{C3C399F4-A698-4394-AD2D-B345CCDA0FBD}.Debug|Any CPU.Build.0 = Debug|Any CPU
		{C3C399F4-A698-4394-AD2D-B345CCDA0FBD}.Release|Any CPU.ActiveCfg = Release|Any CPU
		{C3C399F4-A698-4394-AD2D-B345CCDA0FBD}.Release|Any CPU.Build.0 = Release|Any CPU
		{6D286492-9150-4EC4-8278-1FB072CC7F7F}.Debug|Any CPU.ActiveCfg = Debug|Any CPU
		{6D286492-9150-4EC4-8278-1FB072CC7F7F}.Debug|Any CPU.Build.0 = Debug|Any CPU
		{6D286492-9150-4EC4-8278-1FB072CC7F7F}.Release|Any CPU.ActiveCfg = Release|Any CPU
		{6D286492-9150-4EC4-8278-1FB072CC7F7F}.Release|Any CPU.Build.0 = Release|Any CPU
		{1FC7ABA2-DF4F-4A37-B670-C868EFA2B3F7}.Debug|Any CPU.ActiveCfg = Debug|Any CPU
		{1FC7ABA2-DF4F-4A37-B670-C868EFA2B3F7}.Debug|Any CPU.Build.0 = Debug|Any CPU
		{1FC7ABA2-DF4F-4A37-B670-C868EFA2B3F7}.Release|Any CPU.ActiveCfg = Release|Any CPU
		{1FC7ABA2-DF4F-4A37-B670-C868EFA2B3F7}.Release|Any CPU.Build.0 = Release|Any CPU
		{B0B2023E-4D33-4849-9749-8C7E98AEF37A}.Debug|Any CPU.ActiveCfg = Debug|Any CPU
		{B0B2023E-4D33-4849-9749-8C7E98AEF37A}.Debug|Any CPU.Build.0 = Debug|Any CPU
		{B0B2023E-4D33-4849-9749-8C7E98AEF37A}.Release|Any CPU.ActiveCfg = Release|Any CPU
		{B0B2023E-4D33-4849-9749-8C7E98AEF37A}.Release|Any CPU.Build.0 = Release|Any CPU
		{B38C8487-382A-4B02-8E59-9B923822F5D2}.Debug|Any CPU.ActiveCfg = Debug|Any CPU
		{B38C8487-382A-4B02-8E59-9B923822F5D2}.Debug|Any CPU.Build.0 = Debug|Any CPU
		{B38C8487-382A-4B02-8E59-9B923822F5D2}.Release|Any CPU.ActiveCfg = Release|Any CPU
		{B38C8487-382A-4B02-8E59-9B923822F5D2}.Release|Any CPU.Build.0 = Release|Any CPU
		{BAD72015-BDA5-4D4B-9CEC-4BB9AFC85400}.Debug|Any CPU.ActiveCfg = Debug|Any CPU
		{BAD72015-BDA5-4D4B-9CEC-4BB9AFC85400}.Debug|Any CPU.Build.0 = Debug|Any CPU
		{BAD72015-BDA5-4D4B-9CEC-4BB9AFC85400}.Release|Any CPU.ActiveCfg = Release|Any CPU
		{BAD72015-BDA5-4D4B-9CEC-4BB9AFC85400}.Release|Any CPU.Build.0 = Release|Any CPU
		{5F85C364-8C4A-4632-A6C1-136C540FA239}.Debug|Any CPU.ActiveCfg = Debug|Any CPU
		{5F85C364-8C4A-4632-A6C1-136C540FA239}.Debug|Any CPU.Build.0 = Debug|Any CPU
		{5F85C364-8C4A-4632-A6C1-136C540FA239}.Release|Any CPU.ActiveCfg = Release|Any CPU
		{5F85C364-8C4A-4632-A6C1-136C540FA239}.Release|Any CPU.Build.0 = Release|Any CPU
		{52A0674F-7EA8-4E21-8B08-ACB017D83B5C}.Debug|Any CPU.ActiveCfg = Debug|Any CPU
		{52A0674F-7EA8-4E21-8B08-ACB017D83B5C}.Debug|Any CPU.Build.0 = Debug|Any CPU
		{52A0674F-7EA8-4E21-8B08-ACB017D83B5C}.Release|Any CPU.ActiveCfg = Release|Any CPU
		{52A0674F-7EA8-4E21-8B08-ACB017D83B5C}.Release|Any CPU.Build.0 = Release|Any CPU
		{DFC59F0F-9176-456C-90D6-6A6E19CF1853}.Debug|Any CPU.ActiveCfg = Debug|Any CPU
		{DFC59F0F-9176-456C-90D6-6A6E19CF1853}.Debug|Any CPU.Build.0 = Debug|Any CPU
		{DFC59F0F-9176-456C-90D6-6A6E19CF1853}.Release|Any CPU.ActiveCfg = Release|Any CPU
		{DFC59F0F-9176-456C-90D6-6A6E19CF1853}.Release|Any CPU.Build.0 = Release|Any CPU
	EndGlobalSection
	GlobalSection(SolutionProperties) = preSolution
		HideSolutionNode = FALSE
	EndGlobalSection
	GlobalSection(NestedProjects) = preSolution
		{836D9876-8793-4576-BF8A-261952A5F6AA} = {837BAC99-2A83-4020-BCC1-2303AFD61C7B}
		{7FA8842A-551B-44EC-9779-E7D4A806518A} = {E4D39D3D-DB25-42D9-BEE8-310EA02CED96}
		{C3C399F4-A698-4394-AD2D-B345CCDA0FBD} = {E4D39D3D-DB25-42D9-BEE8-310EA02CED96}
		{6D286492-9150-4EC4-8278-1FB072CC7F7F} = {837BAC99-2A83-4020-BCC1-2303AFD61C7B}
		{1FC7ABA2-DF4F-4A37-B670-C868EFA2B3F7} = {837BAC99-2A83-4020-BCC1-2303AFD61C7B}
		{B0B2023E-4D33-4849-9749-8C7E98AEF37A} = {837BAC99-2A83-4020-BCC1-2303AFD61C7B}
		{B38C8487-382A-4B02-8E59-9B923822F5D2} = {837BAC99-2A83-4020-BCC1-2303AFD61C7B}
		{BAD72015-BDA5-4D4B-9CEC-4BB9AFC85400} = {837BAC99-2A83-4020-BCC1-2303AFD61C7B}
		{5F85C364-8C4A-4632-A6C1-136C540FA239} = {837BAC99-2A83-4020-BCC1-2303AFD61C7B}
		{52A0674F-7EA8-4E21-8B08-ACB017D83B5C} = {837BAC99-2A83-4020-BCC1-2303AFD61C7B}
		{DFC59F0F-9176-456C-90D6-6A6E19CF1853} = {837BAC99-2A83-4020-BCC1-2303AFD61C7B}
	EndGlobalSection
	GlobalSection(ExtensibilityGlobals) = postSolution
		SolutionGuid = {52BD1404-D84F-411F-9834-8B44E56FE257}
	EndGlobalSection
EndGlobal
